
Microsoft Visual Studio Solution File, Format Version 12.00
# Visual Studio Version 17
VisualStudioVersion = 17.8.34330.188
MinimumVisualStudioVersion = 10.0.40219.1
Project("{FAE04EC0-301F-11D3-BF4B-00C04F79EFBC}") = "EXIM.Portal.WebParts", "EXIM.Portal.WebParts\EXIM.Portal.WebParts.csproj", "{113EF8E5-E2F1-42D5-BF29-DD5044E3CB55}"
	ProjectSection(ProjectDependencies) = postProject
		{CB735C3A-93CA-4242-98A3-F56B9C32A5DA} = {CB735C3A-93CA-4242-98A3-F56B9C32A5DA}
		{CC425B94-C44F-4DE2-944D-2F50DA19287C} = {CC425B94-C44F-4DE2-944D-2F50DA19287C}
	EndProjectSection
EndProject
Project("{FAE04EC0-301F-11D3-BF4B-00C04F79EFBC}") = "EXIM.Portal.Web", "EXIM.Portal.Web\EXIM.Portal.Web.csproj", "{CB735C3A-93CA-4242-98A3-F56B9C32A5DA}"
EndProject
Project("{2150E333-8FDC-42A3-9474-1A3956D46DE8}") = "Common", "Common", "{1B4F8183-7AE2-4474-A3A1-DA11981862A0}"
EndProject
Project("{FAE04EC0-301F-11D3-BF4B-00C04F79EFBC}") = "EXIM.Common.Lib", "Common\EXIM.Common.Lib\EXIM.Common.Lib.csproj", "{CC425B94-C44F-4DE2-944D-2F50DA19287C}"
EndProject
Global
	GlobalSection(SolutionConfigurationPlatforms) = preSolution
		Debug|Any CPU = Debug|Any CPU
		Release|Any CPU = Release|Any CPU
	EndGlobalSection
	GlobalSection(ProjectConfigurationPlatforms) = postSolution
		{113EF8E5-E2F1-42D5-BF29-DD5044E3CB55}.Debug|Any CPU.ActiveCfg = Debug|Any CPU
		{113EF8E5-E2F1-42D5-BF29-DD5044E3CB55}.Debug|Any CPU.Build.0 = Debug|Any CPU
		{113EF8E5-E2F1-42D5-BF29-DD5044E3CB55}.Debug|Any CPU.Deploy.0 = Debug|Any CPU
		{113EF8E5-E2F1-42D5-BF29-DD5044E3CB55}.Release|Any CPU.ActiveCfg = Release|Any CPU
		{113EF8E5-E2F1-42D5-BF29-DD5044E3CB55}.Release|Any CPU.Build.0 = Release|Any CPU
		{113EF8E5-E2F1-42D5-BF29-DD5044E3CB55}.Release|Any CPU.Deploy.0 = Release|Any CPU
		{CB735C3A-93CA-4242-98A3-F56B9C32A5DA}.Debug|Any CPU.ActiveCfg = Debug|Any CPU
		{CB735C3A-93CA-4242-98A3-F56B9C32A5DA}.Debug|Any CPU.Build.0 = Debug|Any CPU
		{CB735C3A-93CA-4242-98A3-F56B9C32A5DA}.Release|Any CPU.ActiveCfg = Release|Any CPU
		{CB735C3A-93CA-4242-98A3-F56B9C32A5DA}.Release|Any CPU.Build.0 = Release|Any CPU
		{CC425B94-C44F-4DE2-944D-2F50DA19287C}.Debug|Any CPU.ActiveCfg = Debug|Any CPU
		{CC425B94-C44F-4DE2-944D-2F50DA19287C}.Debug|Any CPU.Build.0 = Debug|Any CPU
		{CC425B94-C44F-4DE2-944D-2F50DA19287C}.Release|Any CPU.ActiveCfg = Release|Any CPU
		{CC425B94-C44F-4DE2-944D-2F50DA19287C}.Release|Any CPU.Build.0 = Release|Any CPU
	EndGlobalSection
	GlobalSection(SolutionProperties) = preSolution
		HideSolutionNode = FALSE
	EndGlobalSection
	GlobalSection(NestedProjects) = preSolution
		{CC425B94-C44F-4DE2-944D-2F50DA19287C} = {1B4F8183-7AE2-4474-A3A1-DA11981862A0}
	EndGlobalSection
	GlobalSection(ExtensibilityGlobals) = postSolution
		SolutionGuid = {A8302AC6-FCDF-479C-AC50-8C3BA7221647}
	EndGlobalSection
EndGlobal
